// !$*UTF8*$!
{
	archiveVersion = 1;
	classes = {
	};
	objectVersion = 50;
	objects = {

/* Begin PBXBuildFile section */
		66A38620222E825600E4B3C3 /* WallpaperSwitcher.h in Headers */ = {isa = PBXBuildFile; fileRef = 66A3861F222E825600E4B3C3 /* WallpaperSwitcher.h */; };
		66A38622222E825600E4B3C3 /* WallpaperSwitcher.m in Sources */ = {isa = PBXBuildFile; fileRef = 66A38621222E825600E4B3C3 /* WallpaperSwitcher.m */; };
		66A38624222E825600E4B3C3 /* WallpaperSwitcher.tiff in Resources */ = {isa = PBXBuildFile; fileRef = 66A38623222E825600E4B3C3 /* WallpaperSwitcher.tiff */; };
		66A38627222E825600E4B3C3 /* WallpaperSwitcher.xib in Resources */ = {isa = PBXBuildFile; fileRef = 66A38625222E825600E4B3C3 /* WallpaperSwitcher.xib */; };
/* End PBXBuildFile section */

/* Begin PBXFileReference section */
		66A3861C222E825600E4B3C3 /* WallpaperSwitcher.prefPane */ = {isa = PBXFileReference; explicitFileType = wrapper.cfbundle; includeInIndex = 0; path = WallpaperSwitcher.prefPane; sourceTree = BUILT_PRODUCTS_DIR; };
		66A3861F222E825600E4B3C3 /* WallpaperSwitcher.h */ = {isa = PBXFileReference; lastKnownFileType = sourcecode.c.h; path = WallpaperSwitcher.h; sourceTree = "<group>"; };
		66A38621222E825600E4B3C3 /* WallpaperSwitcher.m */ = {isa = PBXFileReference; lastKnownFileType = sourcecode.c.objc; path = WallpaperSwitcher.m; sourceTree = "<group>"; };
		66A38623222E825600E4B3C3 /* WallpaperSwitcher.tiff */ = {isa = PBXFileReference; lastKnownFileType = image.tiff; path = WallpaperSwitcher.tiff; sourceTree = "<group>"; };
		66A38626222E825600E4B3C3 /* Base */ = {isa = PBXFileReference; lastKnownFileType = file.xib; name = Base; path = Base.lproj/WallpaperSwitcher.xib; sourceTree = "<group>"; };
		66A38628222E825600E4B3C3 /* Info.plist */ = {isa = PBXFileReference; lastKnownFileType = text.plist.xml; path = Info.plist; sourceTree = "<group>"; };
/* End PBXFileReference section */

/* Begin PBXFrameworksBuildPhase section */
		66A38619222E825600E4B3C3 /* Frameworks */ = {
			isa = PBXFrameworksBuildPhase;
			buildActionMask = 2147483647;
			files = (
			);
			runOnlyForDeploymentPostprocessing = 0;
		};
/* End PBXFrameworksBuildPhase section */

/* Begin PBXGroup section */
		66A38612222E825600E4B3C3 = {
			isa = PBXGroup;
			children = (
				66A3861E222E825600E4B3C3 /* WallpaperSwitcher */,
				66A3861D222E825600E4B3C3 /* Products */,
			);
			sourceTree = "<group>";
		};
		66A3861D222E825600E4B3C3 /* Products */ = {
			isa = PBXGroup;
			children = (
				66A3861C222E825600E4B3C3 /* WallpaperSwitcher.prefPane */,
			);
			name = Products;
			sourceTree = "<group>";
		};
		66A3861E222E825600E4B3C3 /* WallpaperSwitcher */ = {
			isa = PBXGroup;
			children = (
				66A3861F222E825600E4B3C3 /* WallpaperSwitcher.h */,
				66A38621222E825600E4B3C3 /* WallpaperSwitcher.m */,
				66A38623222E825600E4B3C3 /* WallpaperSwitcher.tiff */,
				66A38625222E825600E4B3C3 /* WallpaperSwitcher.xib */,
				66A38628222E825600E4B3C3 /* Info.plist */,
			);
			path = WallpaperSwitcher;
			sourceTree = "<group>";
		};
/* End PBXGroup section */

/* Begin PBXHeadersBuildPhase section */
		66A38617222E825600E4B3C3 /* Headers */ = {
			isa = PBXHeadersBuildPhase;
			buildActionMask = 2147483647;
			files = (
				66A38620222E825600E4B3C3 /* WallpaperSwitcher.h in Headers */,
			);
			runOnlyForDeploymentPostprocessing = 0;
		};
/* End PBXHeadersBuildPhase section */

/* Begin PBXNativeTarget section */
		66A3861B222E825600E4B3C3 /* WallpaperSwitcher */ = {
			isa = PBXNativeTarget;
			buildConfigurationList = 66A3862B222E825600E4B3C3 /* Build configuration list for PBXNativeTarget "WallpaperSwitcher" */;
			buildPhases = (
				66A38617222E825600E4B3C3 /* Headers */,
				66A38618222E825600E4B3C3 /* Sources */,
				66A38619222E825600E4B3C3 /* Frameworks */,
				66A3861A222E825600E4B3C3 /* Resources */,
			);
			buildRules = (
			);
			dependencies = (
			);
			name = WallpaperSwitcher;
			productName = WallpaperSwitcher;
			productReference = 66A3861C222E825600E4B3C3 /* WallpaperSwitcher.prefPane */;
			productType = "com.apple.product-type.bundle";
		};
/* End PBXNativeTarget section */

/* Begin PBXProject section */
		66A38613222E825600E4B3C3 /* Project object */ = {
			isa = PBXProject;
			attributes = {
				LastUpgradeCheck = 1010;
				ORGANIZATIONNAME = "Adam Westerski";
				TargetAttributes = {
					66A3861B222E825600E4B3C3 = {
						CreatedOnToolsVersion = 10.1;
					};
				};
			};
			buildConfigurationList = 66A38616222E825600E4B3C3 /* Build configuration list for PBXProject "WallpaperSwitcher" */;
			compatibilityVersion = "Xcode 9.3";
			developmentRegion = en;
			hasScannedForEncodings = 0;
			knownRegions = (
				en,
				Base,
			);
			mainGroup = 66A38612222E825600E4B3C3;
			productRefGroup = 66A3861D222E825600E4B3C3 /* Products */;
			projectDirPath = "";
			projectRoot = "";
			targets = (
				66A3861B222E825600E4B3C3 /* WallpaperSwitcher */,
			);
		};
/* End PBXProject section */

/* Begin PBXResourcesBuildPhase section */
		66A3861A222E825600E4B3C3 /* Resources */ = {
			isa = PBXResourcesBuildPhase;
			buildActionMask = 2147483647;
			files = (
				66A38624222E825600E4B3C3 /* WallpaperSwitcher.tiff in Resources */,
				66A38627222E825600E4B3C3 /* WallpaperSwitcher.xib in Resources */,
			);
			runOnlyForDeploymentPostprocessing = 0;
		};
/* End PBXResourcesBuildPhase section */

/* Begin PBXSourcesBuildPhase section */
		66A38618222E825600E4B3C3 /* Sources */ = {
			isa = PBXSourcesBuildPhase;
			buildActionMask = 2147483647;
			files = (
				66A38622222E825600E4B3C3 /* WallpaperSwitcher.m in Sources */,
			);
			runOnlyForDeploymentPostprocessing = 0;
		};
/* End PBXSourcesBuildPhase section */

/* Begin PBXVariantGroup section */
		66A38625222E825600E4B3C3 /* WallpaperSwitcher.xib */ = {
			isa = PBXVariantGroup;
			children = (
				66A38626222E825600E4B3C3 /* Base */,
			);
			name = WallpaperSwitcher.xib;
			sourceTree = "<group>";
		};
/* End PBXVariantGroup section */

/* Begin XCBuildConfiguration section */
		66A38629222E825600E4B3C3 /* Debug */ = {
			isa = XCBuildConfiguration;
			buildSettings = {
				ALWAYS_SEARCH_USER_PATHS = NO;
				CLANG_ANALYZER_NONNULL = YES;
				CLANG_ANALYZER_NUMBER_OBJECT_CONVERSION = YES_AGGRESSIVE;
				CLANG_CXX_LANGUAGE_STANDARD = "gnu++14";
				CLANG_CXX_LIBRARY = "libc++";
				CLANG_ENABLE_MODULES = YES;
				CLANG_ENABLE_OBJC_ARC = YES;
				CLANG_ENABLE_OBJC_WEAK = YES;
				CLANG_WARN_BLOCK_CAPTURE_AUTORELEASING = YES;
				CLANG_WARN_BOOL_CONVERSION = YES;
				CLANG_WARN_COMMA = YES;
				CLANG_WARN_CONSTANT_CONVERSION = YES;
				CLANG_WARN_DEPRECATED_OBJC_IMPLEMENTATIONS = YES;
				CLANG_WARN_DIRECT_OBJC_ISA_USAGE = YES_ERROR;
				CLANG_WARN_DOCUMENTATION_COMMENTS = YES;
				CLANG_WARN_EMPTY_BODY = YES;
				CLANG_WARN_ENUM_CONVERSION = YES;
				CLANG_WARN_INFINITE_RECURSION = YES;
				CLANG_WARN_INT_CONVERSION = YES;
				CLANG_WARN_NON_LITERAL_NULL_CONVERSION = YES;
				CLANG_WARN_OBJC_IMPLICIT_RETAIN_SELF = YES;
				CLANG_WARN_OBJC_LITERAL_CONVERSION = YES;
				CLANG_WARN_OBJC_ROOT_CLASS = YES_ERROR;
				CLANG_WARN_RANGE_LOOP_ANALYSIS = YES;
				CLANG_WARN_STRICT_PROTOTYPES = YES;
				CLANG_WARN_SUSPICIOUS_MOVE = YES;
				CLANG_WARN_UNGUARDED_AVAILABILITY = YES_AGGRESSIVE;
				CLANG_WARN_UNREACHABLE_CODE = YES;
				CLANG_WARN__DUPLICATE_METHOD_MATCH = YES;
				CODE_SIGN_IDENTITY = "-";
				COPY_PHASE_STRIP = NO;
				DEBUG_INFORMATION_FORMAT = dwarf;
				ENABLE_STRICT_OBJC_MSGSEND = YES;
				ENABLE_TESTABILITY = YES;
				GCC_C_LANGUAGE_STANDARD = gnu11;
				GCC_DYNAMIC_NO_PIC = NO;
				GCC_NO_COMMON_BLOCKS = YES;
				GCC_OPTIMIZATION_LEVEL = 0;
				GCC_PREPROCESSOR_DEFINITIONS = (
					"DEBUG=1",
					"$(inherited)",
				);
				GCC_WARN_64_TO_32_BIT_CONVERSION = YES;
				GCC_WARN_ABOUT_RETURN_TYPE = YES_ERROR;
				GCC_WARN_UNDECLARED_SELECTOR = YES;
				GCC_WARN_UNINITIALIZED_AUTOS = YES_AGGRESSIVE;
				GCC_WARN_UNUSED_FUNCTION = YES;
				GCC_WARN_UNUSED_VARIABLE = YES;
				MACOSX_DEPLOYMENT_TARGET = 10.14;
				MTL_ENABLE_DEBUG_INFO = INCLUDE_SOURCE;
				MTL_FAST_MATH = YES;
				ONLY_ACTIVE_ARCH = YES;
				SDKROOT = macosx;
			};
			name = Debug;
		};
		66A3862A222E825600E4B3C3 /* Release */ = {
			isa = XCBuildConfiguration;
			buildSettings = {
				ALWAYS_SEARCH_USER_PATHS = NO;
				CLANG_ANALYZER_NONNULL = YES;
				CLANG_ANALYZER_NUMBER_OBJECT_CONVERSION = YES_AGGRESSIVE;
				CLANG_CXX_LANGUAGE_STANDARD = "gnu++14";
				CLANG_CXX_LIBRARY = "libc++";
				CLANG_ENABLE_MODULES = YES;
				CLANG_ENABLE_OBJC_ARC = YES;
				CLANG_ENABLE_OBJC_WEAK = YES;
				CLANG_WARN_BLOCK_CAPTURE_AUTORELEASING = YES;
				CLANG_WARN_BOOL_CONVERSION = YES;
				CLANG_WARN_COMMA = YES;
				CLANG_WARN_CONSTANT_CONVERSION = YES;
				CLANG_WARN_DEPRECATED_OBJC_IMPLEMENTATIONS = YES;
				CLANG_WARN_DIRECT_OBJC_ISA_USAGE = YES_ERROR;
				CLANG_WARN_DOCUMENTATION_COMMENTS = YES;
				CLANG_WARN_EMPTY_BODY = YES;
				CLANG_WARN_ENUM_CONVERSION = YES;
				CLANG_WARN_INFINITE_RECURSION = YES;
				CLANG_WARN_INT_CONVERSION = YES;
				CLANG_WARN_NON_LITERAL_NULL_CONVERSION = YES;
				CLANG_WARN_OBJC_IMPLICIT_RETAIN_SELF = YES;
				CLANG_WARN_OBJC_LITERAL_CONVERSION = YES;
				CLANG_WARN_OBJC_ROOT_CLASS = YES_ERROR;
				CLANG_WARN_RANGE_LOOP_ANALYSIS = YES;
				CLANG_WARN_STRICT_PROTOTYPES = YES;
				CLANG_WARN_SUSPICIOUS_MOVE = YES;
				CLANG_WARN_UNGUARDED_AVAILABILITY = YES_AGGRESSIVE;
				CLANG_WARN_UNREACHABLE_CODE = YES;
				CLANG_WARN__DUPLICATE_METHOD_MATCH = YES;
				CODE_SIGN_IDENTITY = "-";
				COPY_PHASE_STRIP = NO;
				DEBUG_INFORMATION_FORMAT = "dwarf-with-dsym";
				ENABLE_NS_ASSERTIONS = NO;
				ENABLE_STRICT_OBJC_MSGSEND = YES;
				GCC_C_LANGUAGE_STANDARD = gnu11;
				GCC_NO_COMMON_BLOCKS = YES;
				GCC_WARN_64_TO_32_BIT_CONVERSION = YES;
				GCC_WARN_ABOUT_RETURN_TYPE = YES_ERROR;
				GCC_WARN_UNDECLARED_SELECTOR = YES;
				GCC_WARN_UNINITIALIZED_AUTOS = YES_AGGRESSIVE;
				GCC_WARN_UNUSED_FUNCTION = YES;
				GCC_WARN_UNUSED_VARIABLE = YES;
				MACOSX_DEPLOYMENT_TARGET = 10.14;
				MTL_ENABLE_DEBUG_INFO = NO;
				MTL_FAST_MATH = YES;
				SDKROOT = macosx;
			};
			name = Release;
		};
		66A3862C222E825600E4B3C3 /* Debug */ = {
			isa = XCBuildConfiguration;
			buildSettings = {
				CODE_SIGN_STYLE = Automatic;
				COMBINE_HIDPI_IMAGES = YES;
				INFOPLIST_FILE = WallpaperSwitcher/Info.plist;
				INSTALL_PATH = "$(HOME)/Library/PreferencePanes";
				PRODUCT_BUNDLE_IDENTIFIER = adam.WallpaperSwitcher;
				PRODUCT_NAME = "$(TARGET_NAME)";
				WRAPPER_EXTENSION = prefPane;
			};
			name = Debug;
		};
		66A3862D222E825600E4B3C3 /* Release */ = {
			isa = XCBuildConfiguration;
			buildSettings = {
				CODE_SIGN_STYLE = Automatic;
				COMBINE_HIDPI_IMAGES = YES;
				INFOPLIST_FILE = WallpaperSwitcher/Info.plist;
				INSTALL_PATH = "$(HOME)/Library/PreferencePanes";
				PRODUCT_BUNDLE_IDENTIFIER = adam.WallpaperSwitcher;
				PRODUCT_NAME = "$(TARGET_NAME)";
				WRAPPER_EXTENSION = prefPane;
			};
			name = Release;
		};
/* End XCBuildConfiguration section */

/* Begin XCConfigurationList section */
		66A38616222E825600E4B3C3 /* Build configuration list for PBXProject "WallpaperSwitcher" */ = {
			isa = XCConfigurationList;
			buildConfigurations = (
				66A38629222E825600E4B3C3 /* Debug */,
				66A3862A222E825600E4B3C3 /* Release */,
			);
			defaultConfigurationIsVisible = 0;
			defaultConfigurationName = Release;
		};
		66A3862B222E825600E4B3C3 /* Build configuration list for PBXNativeTarget "WallpaperSwitcher" */ = {
			isa = XCConfigurationList;
			buildConfigurations = (
				66A3862C222E825600E4B3C3 /* Debug */,
				66A3862D222E825600E4B3C3 /* Release */,
			);
			defaultConfigurationIsVisible = 0;
			defaultConfigurationName = Release;
		};
/* End XCConfigurationList section */
	};
	rootObject = 66A38613222E825600E4B3C3 /* Project object */;
}
